// !$*UTF8*$!
{
	archiveVersion = 1;
	classes = {
	};
	objectVersion = 51;
	objects = {

/* Begin PBXBuildFile section */
		303E68903E322198384A710E /* AckGenExampleApp.swift in Sources */ = {isa = PBXBuildFile; fileRef = C6E4FDCA2A2284F95B69DAF9 /* AckGenExampleApp.swift */; };
		6B0A529ADF3F1D8A34C779F0 /* PackageLicenses.plist in Resources */ = {isa = PBXBuildFile; fileRef = 3CE1AC2BC21BD1C67E1522B7 /* PackageLicenses.plist */; };
		914F2715C042B0AE0693A256 /* ackgen in Frameworks */ = {isa = PBXBuildFile; productRef = B96CFB2C87004819524D43AF /* ackgen */; };
		B912CBB63BC3DD1EC7121E2C /* AckGenUI in Frameworks */ = {isa = PBXBuildFile; productRef = 7F7D6315D96EFFF307483816 /* AckGenUI */; };
		CD536E30959549D8C45EF5FF /* AckGen in Frameworks */ = {isa = PBXBuildFile; productRef = 705E84EFAD7EFDE966E156BB /* AckGen */; };
/* End PBXBuildFile section */

/* Begin PBXFileReference section */
		331021FD5077D8DD4FFA3593 /* AckGen */ = {isa = PBXFileReference; lastKnownFileType = folder; name = AckGen; path = ..; sourceTree = SOURCE_ROOT; };
		3CE1AC2BC21BD1C67E1522B7 /* PackageLicenses.plist */ = {isa = PBXFileReference; lastKnownFileType = text.plist; path = PackageLicenses.plist; sourceTree = "<group>"; };
		ACD3D8398D0CDDBDD4B2AF86 /* AckGenExample.app */ = {isa = PBXFileReference; includeInIndex = 0; lastKnownFileType = wrapper.application; path = AckGenExample.app; sourceTree = BUILT_PRODUCTS_DIR; };
		C6E4FDCA2A2284F95B69DAF9 /* AckGenExampleApp.swift */ = {isa = PBXFileReference; lastKnownFileType = sourcecode.swift; path = AckGenExampleApp.swift; sourceTree = "<group>"; };
		D8B642EC1CACDD1FDE1CBE93 /* project.yml */ = {isa = PBXFileReference; lastKnownFileType = text.yaml; path = project.yml; sourceTree = "<group>"; };
/* End PBXFileReference section */

/* Begin PBXFrameworksBuildPhase section */
		F273DB31527630C99B8301FA /* Frameworks */ = {
			isa = PBXFrameworksBuildPhase;
			buildActionMask = 2147483647;
			files = (
				B912CBB63BC3DD1EC7121E2C /* AckGenUI in Frameworks */,
				914F2715C042B0AE0693A256 /* ackgen in Frameworks */,
				CD536E30959549D8C45EF5FF /* AckGen in Frameworks */,
			);
			runOnlyForDeploymentPostprocessing = 0;
		};
/* End PBXFrameworksBuildPhase section */

/* Begin PBXGroup section */
		243485F5ED3C2CFEDE8F26FC = {
			isa = PBXGroup;
			children = (
				3CE1AC2BC21BD1C67E1522B7 /* PackageLicenses.plist */,
				D8B642EC1CACDD1FDE1CBE93 /* project.yml */,
				95134EBCB0E7953FD3C484F3 /* Packages */,
				E8E137FFF1C540B756FE50EC /* Sources */,
				BE3F110140E2C158893568AB /* Products */,
			);
			sourceTree = "<group>";
		};
		95134EBCB0E7953FD3C484F3 /* Packages */ = {
			isa = PBXGroup;
			children = (
				331021FD5077D8DD4FFA3593 /* AckGen */,
			);
			name = Packages;
			sourceTree = SOURCE_ROOT;
		};
		BE3F110140E2C158893568AB /* Products */ = {
			isa = PBXGroup;
			children = (
				ACD3D8398D0CDDBDD4B2AF86 /* AckGenExample.app */,
			);
			name = Products;
			sourceTree = "<group>";
		};
		E8E137FFF1C540B756FE50EC /* Sources */ = {
			isa = PBXGroup;
			children = (
				C6E4FDCA2A2284F95B69DAF9 /* AckGenExampleApp.swift */,
			);
			path = Sources;
			sourceTree = "<group>";
		};
/* End PBXGroup section */

/* Begin PBXNativeTarget section */
		71496E7289C86AA9EA937324 /* AckGenExample */ = {
			isa = PBXNativeTarget;
			buildConfigurationList = AFE77F49DE99F63DD0A15A87 /* Build configuration list for PBXNativeTarget "AckGenExample" */;
			buildPhases = (
				B89993947A422A8A30DC17F7 /* AckGen */,
				C5EB269C59EDD772FBA8F063 /* Sources */,
				870EF48CE67F83BADAAF29E8 /* Resources */,
				F273DB31527630C99B8301FA /* Frameworks */,
			);
			buildRules = (
			);
			dependencies = (
			);
			name = AckGenExample;
			packageProductDependencies = (
				7F7D6315D96EFFF307483816 /* AckGenUI */,
				B96CFB2C87004819524D43AF /* ackgen */,
				705E84EFAD7EFDE966E156BB /* AckGen */,
			);
			productName = AckGenExample;
			productReference = ACD3D8398D0CDDBDD4B2AF86 /* AckGenExample.app */;
			productType = "com.apple.product-type.application";
		};
/* End PBXNativeTarget section */

/* Begin PBXProject section */
		20B582E87CBDEF979E095A36 /* Project object */ = {
			isa = PBXProject;
			attributes = {
				LastUpgradeCheck = 1200;
				TargetAttributes = {
				};
			};
			buildConfigurationList = 734604B77852C2A80D8DA8AE /* Build configuration list for PBXProject "AckGenExample" */;
			compatibilityVersion = "Xcode 11.0";
			developmentRegion = en;
			hasScannedForEncodings = 0;
			knownRegions = (
				Base,
				en,
			);
			mainGroup = 243485F5ED3C2CFEDE8F26FC;
			packageReferences = (
				B06A4AB71810F8A75B9D36E6 /* XCRemoteSwiftPackageReference "DataCompression" */,
			);
			projectDirPath = "";
			projectRoot = "";
			targets = (
				71496E7289C86AA9EA937324 /* AckGenExample */,
			);
		};
/* End PBXProject section */

/* Begin PBXResourcesBuildPhase section */
		870EF48CE67F83BADAAF29E8 /* Resources */ = {
			isa = PBXResourcesBuildPhase;
			buildActionMask = 2147483647;
			files = (
				6B0A529ADF3F1D8A34C779F0 /* PackageLicenses.plist in Resources */,
			);
			runOnlyForDeploymentPostprocessing = 0;
		};
/* End PBXResourcesBuildPhase section */

/* Begin PBXShellScriptBuildPhase section */
		B89993947A422A8A30DC17F7 /* AckGen */ = {
			isa = PBXShellScriptBuildPhase;
			buildActionMask = 2147483647;
			files = (
			);
			inputFileListPaths = (
			);
			inputPaths = (
			);
			name = AckGen;
			outputFileListPaths = (
			);
			outputPaths = (
			);
			runOnlyForDeploymentPostprocessing = 0;
			shellPath = /bin/sh;
			shellScript = "# DIR=$PROJECT_TEMP_DIR/../../../SourcePackages/checkouts/AckGen\n# Different path, because the sample uses AckGen as a local package:\nDIR=..\nif [ -d \"$DIR\" ]; then\n    cd $DIR\n    SDKROOT=(xcrun --sdk macosx --show-sdk-path)\n    swift run ackgen $SRCROOT/PackageLicenses.plist\nelse\n    echo \"warning: AckGen not found. Please install the package via SPM (https://github.com/MartinP7r/AckGen#installation)\"\nfi\n";
		};
/* End PBXShellScriptBuildPhase section */

/* Begin PBXSourcesBuildPhase section */
		C5EB269C59EDD772FBA8F063 /* Sources */ = {
			isa = PBXSourcesBuildPhase;
			buildActionMask = 2147483647;
			files = (
				303E68903E322198384A710E /* AckGenExampleApp.swift in Sources */,
			);
			runOnlyForDeploymentPostprocessing = 0;
		};
/* End PBXSourcesBuildPhase section */

/* Begin XCBuildConfiguration section */
		191652402FE182E3B71B7302 /* Debug */ = {
			isa = XCBuildConfiguration;
			buildSettings = {
				ASSETCATALOG_COMPILER_APPICON_NAME = AppIcon;
				CODE_SIGN_IDENTITY = "iPhone Developer";
				GENERATE_INFOPLIST_FILE = YES;
				INFOPLIST_FILE = Info.plist;
				IPHONEOS_DEPLOYMENT_TARGET = 16.0;
				LD_RUNPATH_SEARCH_PATHS = (
					"$(inherited)",
					"@executable_path/Frameworks",
				);
				PRODUCT_BUNDLE_IDENTIFIER = com.example.ackgen;
				SDKROOT = iphoneos;
				TARGETED_DEVICE_FAMILY = "1,2";
			};
			name = Debug;
		};
		474BBFC8A382BDDCD44EE517 /* Release */ = {
			isa = XCBuildConfiguration;
			buildSettings = {
				ASSETCATALOG_COMPILER_APPICON_NAME = AppIcon;
				CODE_SIGN_IDENTITY = "iPhone Developer";
				GENERATE_INFOPLIST_FILE = YES;
				INFOPLIST_FILE = Info.plist;
				IPHONEOS_DEPLOYMENT_TARGET = 16.0;
				LD_RUNPATH_SEARCH_PATHS = (
					"$(inherited)",
					"@executable_path/Frameworks",
				);
				PRODUCT_BUNDLE_IDENTIFIER = com.example.ackgen;
				SDKROOT = iphoneos;
				TARGETED_DEVICE_FAMILY = "1,2";
			};
			name = Release;
		};
		4F8C4E6CC2F5AE5F432AEA54 /* Debug */ = {
			isa = XCBuildConfiguration;
			buildSettings = {
				ALWAYS_SEARCH_USER_PATHS = NO;
				CLANG_ANALYZER_NONNULL = YES;
				CLANG_ANALYZER_NUMBER_OBJECT_CONVERSION = YES_AGGRESSIVE;
				CLANG_CXX_LANGUAGE_STANDARD = "gnu++14";
				CLANG_CXX_LIBRARY = "libc++";
				CLANG_ENABLE_MODULES = YES;
				CLANG_ENABLE_OBJC_ARC = YES;
				CLANG_ENABLE_OBJC_WEAK = YES;
				CLANG_WARN_BLOCK_CAPTURE_AUTORELEASING = YES;
				CLANG_WARN_BOOL_CONVERSION = YES;
				CLANG_WARN_COMMA = YES;
				CLANG_WARN_CONSTANT_CONVERSION = YES;
				CLANG_WARN_DEPRECATED_OBJC_IMPLEMENTATIONS = YES;
				CLANG_WARN_DIRECT_OBJC_ISA_USAGE = YES_ERROR;
				CLANG_WARN_DOCUMENTATION_COMMENTS = YES;
				CLANG_WARN_EMPTY_BODY = YES;
				CLANG_WARN_ENUM_CONVERSION = YES;
				CLANG_WARN_INFINITE_RECURSION = YES;
				CLANG_WARN_INT_CONVERSION = YES;
				CLANG_WARN_NON_LITERAL_NULL_CONVERSION = YES;
				CLANG_WARN_OBJC_IMPLICIT_RETAIN_SELF = YES;
				CLANG_WARN_OBJC_LITERAL_CONVERSION = YES;
				CLANG_WARN_OBJC_ROOT_CLASS = YES_ERROR;
				CLANG_WARN_QUOTED_INCLUDE_IN_FRAMEWORK_HEADER = YES;
				CLANG_WARN_RANGE_LOOP_ANALYSIS = YES;
				CLANG_WARN_STRICT_PROTOTYPES = YES;
				CLANG_WARN_SUSPICIOUS_MOVE = YES;
				CLANG_WARN_UNGUARDED_AVAILABILITY = YES_AGGRESSIVE;
				CLANG_WARN_UNREACHABLE_CODE = YES;
				CLANG_WARN__DUPLICATE_METHOD_MATCH = YES;
				COPY_PHASE_STRIP = NO;
				CURRENT_PROJECT_VERSION = 99999;
				DEBUG_INFORMATION_FORMAT = dwarf;
				ENABLE_STRICT_OBJC_MSGSEND = YES;
				ENABLE_TESTABILITY = YES;
				GCC_C_LANGUAGE_STANDARD = gnu11;
				GCC_DYNAMIC_NO_PIC = NO;
				GCC_NO_COMMON_BLOCKS = YES;
				GCC_OPTIMIZATION_LEVEL = 0;
				GCC_PREPROCESSOR_DEFINITIONS = (
					"$(inherited)",
					"DEBUG=1",
				);
				GCC_WARN_64_TO_32_BIT_CONVERSION = YES;
				GCC_WARN_ABOUT_RETURN_TYPE = YES_ERROR;
				GCC_WARN_UNDECLARED_SELECTOR = YES;
				GCC_WARN_UNINITIALIZED_AUTOS = YES_AGGRESSIVE;
				GCC_WARN_UNUSED_FUNCTION = YES;
				GCC_WARN_UNUSED_VARIABLE = YES;
				MARKETING_VERSION = 1.0.0;
				MTL_ENABLE_DEBUG_INFO = INCLUDE_SOURCE;
				MTL_FAST_MATH = YES;
				ONLY_ACTIVE_ARCH = YES;
				PRODUCT_NAME = "$(TARGET_NAME)";
				SDKROOT = iphoneos;
				SWIFT_ACTIVE_COMPILATION_CONDITIONS = DEBUG;
				SWIFT_OPTIMIZATION_LEVEL = "-Onone";
				SWIFT_VERSION = 5.0;
			};
			name = Debug;
		};
		9944EE742FC07F9A81347C61 /* Release */ = {
			isa = XCBuildConfiguration;
			buildSettings = {
				ALWAYS_SEARCH_USER_PATHS = NO;
				CLANG_ANALYZER_NONNULL = YES;
				CLANG_ANALYZER_NUMBER_OBJECT_CONVERSION = YES_AGGRESSIVE;
				CLANG_CXX_LANGUAGE_STANDARD = "gnu++14";
				CLANG_CXX_LIBRARY = "libc++";
				CLANG_ENABLE_MODULES = YES;
				CLANG_ENABLE_OBJC_ARC = YES;
				CLANG_ENABLE_OBJC_WEAK = YES;
				CLANG_WARN_BLOCK_CAPTURE_AUTORELEASING = YES;
				CLANG_WARN_BOOL_CONVERSION = YES;
				CLANG_WARN_COMMA = YES;
				CLANG_WARN_CONSTANT_CONVERSION = YES;
				CLANG_WARN_DEPRECATED_OBJC_IMPLEMENTATIONS = YES;
				CLANG_WARN_DIRECT_OBJC_ISA_USAGE = YES_ERROR;
				CLANG_WARN_DOCUMENTATION_COMMENTS = YES;
				CLANG_WARN_EMPTY_BODY = YES;
				CLANG_WARN_ENUM_CONVERSION = YES;
				CLANG_WARN_INFINITE_RECURSION = YES;
				CLANG_WARN_INT_CONVERSION = YES;
				CLANG_WARN_NON_LITERAL_NULL_CONVERSION = YES;
				CLANG_WARN_OBJC_IMPLICIT_RETAIN_SELF = YES;
				CLANG_WARN_OBJC_LITERAL_CONVERSION = YES;
				CLANG_WARN_OBJC_ROOT_CLASS = YES_ERROR;
				CLANG_WARN_QUOTED_INCLUDE_IN_FRAMEWORK_HEADER = YES;
				CLANG_WARN_RANGE_LOOP_ANALYSIS = YES;
				CLANG_WARN_STRICT_PROTOTYPES = YES;
				CLANG_WARN_SUSPICIOUS_MOVE = YES;
				CLANG_WARN_UNGUARDED_AVAILABILITY = YES_AGGRESSIVE;
				CLANG_WARN_UNREACHABLE_CODE = YES;
				CLANG_WARN__DUPLICATE_METHOD_MATCH = YES;
				COPY_PHASE_STRIP = NO;
				CURRENT_PROJECT_VERSION = 99999;
				DEBUG_INFORMATION_FORMAT = "dwarf-with-dsym";
				ENABLE_NS_ASSERTIONS = NO;
				ENABLE_STRICT_OBJC_MSGSEND = YES;
				GCC_C_LANGUAGE_STANDARD = gnu11;
				GCC_NO_COMMON_BLOCKS = YES;
				GCC_WARN_64_TO_32_BIT_CONVERSION = YES;
				GCC_WARN_ABOUT_RETURN_TYPE = YES_ERROR;
				GCC_WARN_UNDECLARED_SELECTOR = YES;
				GCC_WARN_UNINITIALIZED_AUTOS = YES_AGGRESSIVE;
				GCC_WARN_UNUSED_FUNCTION = YES;
				GCC_WARN_UNUSED_VARIABLE = YES;
				MARKETING_VERSION = 1.0.0;
				MTL_ENABLE_DEBUG_INFO = NO;
				MTL_FAST_MATH = YES;
				PRODUCT_NAME = "$(TARGET_NAME)";
				SDKROOT = iphoneos;
				SWIFT_COMPILATION_MODE = wholemodule;
				SWIFT_OPTIMIZATION_LEVEL = "-O";
				SWIFT_VERSION = 5.0;
			};
			name = Release;
		};
/* End XCBuildConfiguration section */

/* Begin XCConfigurationList section */
		734604B77852C2A80D8DA8AE /* Build configuration list for PBXProject "AckGenExample" */ = {
			isa = XCConfigurationList;
			buildConfigurations = (
				4F8C4E6CC2F5AE5F432AEA54 /* Debug */,
				9944EE742FC07F9A81347C61 /* Release */,
			);
			defaultConfigurationIsVisible = 0;
			defaultConfigurationName = Debug;
		};
		AFE77F49DE99F63DD0A15A87 /* Build configuration list for PBXNativeTarget "AckGenExample" */ = {
			isa = XCConfigurationList;
			buildConfigurations = (
				191652402FE182E3B71B7302 /* Debug */,
				474BBFC8A382BDDCD44EE517 /* Release */,
			);
			defaultConfigurationIsVisible = 0;
			defaultConfigurationName = Debug;
		};
/* End XCConfigurationList section */

/* Begin XCRemoteSwiftPackageReference section */
		B06A4AB71810F8A75B9D36E6 /* XCRemoteSwiftPackageReference "DataCompression" */ = {
			isa = XCRemoteSwiftPackageReference;
			repositoryURL = "https://github.com/mw99/DataCompression";
			requirement = {
				kind = upToNextMajorVersion;
				minimumVersion = 3.6.0;
			};
		};
/* End XCRemoteSwiftPackageReference section */

/* Begin XCSwiftPackageProductDependency section */
		705E84EFAD7EFDE966E156BB /* AckGen */ = {
			isa = XCSwiftPackageProductDependency;
			productName = AckGen;
		};
		7F7D6315D96EFFF307483816 /* AckGenUI */ = {
			isa = XCSwiftPackageProductDependency;
			productName = AckGenUI;
		};
		B96CFB2C87004819524D43AF /* ackgen */ = {
			isa = XCSwiftPackageProductDependency;
			productName = ackgen;
		};
/* End XCSwiftPackageProductDependency section */
	};
	rootObject = 20B582E87CBDEF979E095A36 /* Project object */;
}
